// !$*UTF8*$!
{
	archiveVersion = 1;
	classes = {
	};
	objectVersion = 50;
	objects = {

/* Begin PBXBuildFile section */
		EBC88369269B5AF5008AF6F5 /* EmojiArtApp.swift in Sources */ = {isa = PBXBuildFile; fileRef = EBC88355269B5AF4008AF6F5 /* EmojiArtApp.swift */; };
		EBC8836A269B5AF5008AF6F5 /* EmojiArtApp.swift in Sources */ = {isa = PBXBuildFile; fileRef = EBC88355269B5AF4008AF6F5 /* EmojiArtApp.swift */; };
		EBC8836B269B5AF5008AF6F5 /* EmojiArtDocument.swift in Sources */ = {isa = PBXBuildFile; fileRef = EBC88356269B5AF4008AF6F5 /* EmojiArtDocument.swift */; };
		EBC8836C269B5AF5008AF6F5 /* EmojiArtDocument.swift in Sources */ = {isa = PBXBuildFile; fileRef = EBC88356269B5AF4008AF6F5 /* EmojiArtDocument.swift */; };
		EBC8836F269B5AF5008AF6F5 /* Assets.xcassets in Resources */ = {isa = PBXBuildFile; fileRef = EBC88358269B5AF5008AF6F5 /* Assets.xcassets */; };
		EBC88370269B5AF5008AF6F5 /* Assets.xcassets in Resources */ = {isa = PBXBuildFile; fileRef = EBC88358269B5AF5008AF6F5 /* Assets.xcassets */; };
		EBC88384269B5C44008AF6F5 /* PaletteManager.swift in Sources */ = {isa = PBXBuildFile; fileRef = EBC88379269B5C44008AF6F5 /* PaletteManager.swift */; };
		EBC88386269B5C44008AF6F5 /* UtilityViews.swift in Sources */ = {isa = PBXBuildFile; fileRef = EBC8837A269B5C44008AF6F5 /* UtilityViews.swift */; };
		EBC88387269B5C44008AF6F5 /* UtilityViews.swift in Sources */ = {isa = PBXBuildFile; fileRef = EBC8837A269B5C44008AF6F5 /* UtilityViews.swift */; };
		EBC88388269B5C44008AF6F5 /* PaletteEditor.swift in Sources */ = {isa = PBXBuildFile; fileRef = EBC8837B269B5C44008AF6F5 /* PaletteEditor.swift */; };
		EBC88389269B5C44008AF6F5 /* PaletteEditor.swift in Sources */ = {isa = PBXBuildFile; fileRef = EBC8837B269B5C44008AF6F5 /* PaletteEditor.swift */; };
		EBC8838A269B5C44008AF6F5 /* PaletteChooser.swift in Sources */ = {isa = PBXBuildFile; fileRef = EBC8837C269B5C44008AF6F5 /* PaletteChooser.swift */; };
		EBC8838B269B5C44008AF6F5 /* PaletteChooser.swift in Sources */ = {isa = PBXBuildFile; fileRef = EBC8837C269B5C44008AF6F5 /* PaletteChooser.swift */; };
		EBC8838C269B5C44008AF6F5 /* EmojiArtModel.Background.swift in Sources */ = {isa = PBXBuildFile; fileRef = EBC8837D269B5C44008AF6F5 /* EmojiArtModel.Background.swift */; };
		EBC8838D269B5C44008AF6F5 /* EmojiArtModel.Background.swift in Sources */ = {isa = PBXBuildFile; fileRef = EBC8837D269B5C44008AF6F5 /* EmojiArtModel.Background.swift */; };
		EBC8838E269B5C44008AF6F5 /* EmojiArtModel.swift in Sources */ = {isa = PBXBuildFile; fileRef = EBC8837E269B5C44008AF6F5 /* EmojiArtModel.swift */; };
		EBC8838F269B5C44008AF6F5 /* EmojiArtModel.swift in Sources */ = {isa = PBXBuildFile; fileRef = EBC8837E269B5C44008AF6F5 /* EmojiArtModel.swift */; };
		EBC88390269B5C44008AF6F5 /* Camera.swift in Sources */ = {isa = PBXBuildFile; fileRef = EBC8837F269B5C44008AF6F5 /* Camera.swift */; };
		EBC88392269B5C44008AF6F5 /* PaletteStore.swift in Sources */ = {isa = PBXBuildFile; fileRef = EBC88380269B5C44008AF6F5 /* PaletteStore.swift */; };
		EBC88393269B5C44008AF6F5 /* PaletteStore.swift in Sources */ = {isa = PBXBuildFile; fileRef = EBC88380269B5C44008AF6F5 /* PaletteStore.swift */; };
		EBC88394269B5C44008AF6F5 /* PhotoLibrary.swift in Sources */ = {isa = PBXBuildFile; fileRef = EBC88381269B5C44008AF6F5 /* PhotoLibrary.swift */; };
		EBC88396269B5C44008AF6F5 /* EmojiArtDocumentView.swift in Sources */ = {isa = PBXBuildFile; fileRef = EBC88382269B5C44008AF6F5 /* EmojiArtDocumentView.swift */; };
		EBC88397269B5C44008AF6F5 /* EmojiArtDocumentView.swift in Sources */ = {isa = PBXBuildFile; fileRef = EBC88382269B5C44008AF6F5 /* EmojiArtDocumentView.swift */; };
		EBC88398269B5C44008AF6F5 /* UtilityExtensions.swift in Sources */ = {isa = PBXBuildFile; fileRef = EBC88383269B5C44008AF6F5 /* UtilityExtensions.swift */; };
		EBC88399269B5C44008AF6F5 /* UtilityExtensions.swift in Sources */ = {isa = PBXBuildFile; fileRef = EBC88383269B5C44008AF6F5 /* UtilityExtensions.swift */; };
		EBC8839C269B5E14008AF6F5 /* macOS.swift in Sources */ = {isa = PBXBuildFile; fileRef = EBC8839A269B5E14008AF6F5 /* macOS.swift */; };
		EBC8839E269B606A008AF6F5 /* iOS.swift in Sources */ = {isa = PBXBuildFile; fileRef = EBC8839D269B606A008AF6F5 /* iOS.swift */; };
/* End PBXBuildFile section */

/* Begin PBXFileReference section */
		EBC88355269B5AF4008AF6F5 /* EmojiArtApp.swift */ = {isa = PBXFileReference; lastKnownFileType = sourcecode.swift; path = EmojiArtApp.swift; sourceTree = "<group>"; };
		EBC88356269B5AF4008AF6F5 /* EmojiArtDocument.swift */ = {isa = PBXFileReference; lastKnownFileType = sourcecode.swift; path = EmojiArtDocument.swift; sourceTree = "<group>"; };
		EBC88358269B5AF5008AF6F5 /* Assets.xcassets */ = {isa = PBXFileReference; lastKnownFileType = folder.assetcatalog; path = Assets.xcassets; sourceTree = "<group>"; };
		EBC8835D269B5AF5008AF6F5 /* EmojiArt.app */ = {isa = PBXFileReference; explicitFileType = wrapper.application; includeInIndex = 0; path = EmojiArt.app; sourceTree = BUILT_PRODUCTS_DIR; };
		EBC88360269B5AF5008AF6F5 /* Info.plist */ = {isa = PBXFileReference; lastKnownFileType = text.plist.xml; path = Info.plist; sourceTree = "<group>"; };
		EBC88365269B5AF5008AF6F5 /* EmojiArt.app */ = {isa = PBXFileReference; explicitFileType = wrapper.application; includeInIndex = 0; path = EmojiArt.app; sourceTree = BUILT_PRODUCTS_DIR; };
		EBC88367269B5AF5008AF6F5 /* Info.plist */ = {isa = PBXFileReference; lastKnownFileType = text.plist.xml; path = Info.plist; sourceTree = "<group>"; };
		EBC88368269B5AF5008AF6F5 /* macOS.entitlements */ = {isa = PBXFileReference; lastKnownFileType = text.plist.entitlements; path = macOS.entitlements; sourceTree = "<group>"; };
		EBC88379269B5C44008AF6F5 /* PaletteManager.swift */ = {isa = PBXFileReference; fileEncoding = 4; lastKnownFileType = sourcecode.swift; path = PaletteManager.swift; sourceTree = "<group>"; };
		EBC8837A269B5C44008AF6F5 /* UtilityViews.swift */ = {isa = PBXFileReference; fileEncoding = 4; lastKnownFileType = sourcecode.swift; name = UtilityViews.swift; path = "../../EmojiArt iOS/EmojiArt/UtilityViews.swift"; sourceTree = "<group>"; };
		EBC8837B269B5C44008AF6F5 /* PaletteEditor.swift */ = {isa = PBXFileReference; fileEncoding = 4; lastKnownFileType = sourcecode.swift; name = PaletteEditor.swift; path = "../../EmojiArt iOS/EmojiArt/PaletteEditor.swift"; sourceTree = "<group>"; };
		EBC8837C269B5C44008AF6F5 /* PaletteChooser.swift */ = {isa = PBXFileReference; fileEncoding = 4; lastKnownFileType = sourcecode.swift; name = PaletteChooser.swift; path = "../../EmojiArt iOS/EmojiArt/PaletteChooser.swift"; sourceTree = "<group>"; };
		EBC8837D269B5C44008AF6F5 /* EmojiArtModel.Background.swift */ = {isa = PBXFileReference; fileEncoding = 4; lastKnownFileType = sourcecode.swift; name = EmojiArtModel.Background.swift; path = "../../EmojiArt iOS/EmojiArt/EmojiArtModel.Background.swift"; sourceTree = "<group>"; };
		EBC8837E269B5C44008AF6F5 /* EmojiArtModel.swift */ = {isa = PBXFileReference; fileEncoding = 4; lastKnownFileType = sourcecode.swift; name = EmojiArtModel.swift; path = "../../EmojiArt iOS/EmojiArt/EmojiArtModel.swift"; sourceTree = "<group>"; };
		EBC8837F269B5C44008AF6F5 /* Camera.swift */ = {isa = PBXFileReference; fileEncoding = 4; lastKnownFileType = sourcecode.swift; path = Camera.swift; sourceTree = "<group>"; };
		EBC88380269B5C44008AF6F5 /* PaletteStore.swift */ = {isa = PBXFileReference; fileEncoding = 4; lastKnownFileType = sourcecode.swift; path = PaletteStore.swift; sourceTree = "<group>"; };
		EBC88381269B5C44008AF6F5 /* PhotoLibrary.swift */ = {isa = PBXFileReference; fileEncoding = 4; lastKnownFileType = sourcecode.swift; path = PhotoLibrary.swift; sourceTree = "<group>"; };
		EBC88382269B5C44008AF6F5 /* EmojiArtDocumentView.swift */ = {isa = PBXFileReference; fileEncoding = 4; lastKnownFileType = sourcecode.swift; name = EmojiArtDocumentView.swift; path = "../../EmojiArt iOS/EmojiArt/EmojiArtDocumentView.swift"; sourceTree = "<group>"; };
		EBC88383269B5C44008AF6F5 /* UtilityExtensions.swift */ = {isa = PBXFileReference; fileEncoding = 4; lastKnownFileType = sourcecode.swift; name = UtilityExtensions.swift; path = "../../EmojiArt iOS/EmojiArt/UtilityExtensions.swift"; sourceTree = "<group>"; };
		EBC8839A269B5E14008AF6F5 /* macOS.swift */ = {isa = PBXFileReference; lastKnownFileType = sourcecode.swift; path = macOS.swift; sourceTree = "<group>"; };
		EBC8839D269B606A008AF6F5 /* iOS.swift */ = {isa = PBXFileReference; lastKnownFileType = sourcecode.swift; path = iOS.swift; sourceTree = "<group>"; };
/* End PBXFileReference section */

/* Begin PBXFrameworksBuildPhase section */
		EBC8835A269B5AF5008AF6F5 /* Frameworks */ = {
			isa = PBXFrameworksBuildPhase;
			buildActionMask = 2147483647;
			files = (
			);
			runOnlyForDeploymentPostprocessing = 0;
		};
		EBC88362269B5AF5008AF6F5 /* Frameworks */ = {
			isa = PBXFrameworksBuildPhase;
			buildActionMask = 2147483647;
			files = (
			);
			runOnlyForDeploymentPostprocessing = 0;
		};
/* End PBXFrameworksBuildPhase section */

/* Begin PBXGroup section */
		EBC8834F269B5AF4008AF6F5 = {
			isa = PBXGroup;
			children = (
				EBC88354269B5AF4008AF6F5 /* Shared */,
				EBC8835F269B5AF5008AF6F5 /* iOS */,
				EBC88366269B5AF5008AF6F5 /* macOS */,
				EBC8835E269B5AF5008AF6F5 /* Products */,
			);
			sourceTree = "<group>";
		};
		EBC88354269B5AF4008AF6F5 /* Shared */ = {
			isa = PBXGroup;
			children = (
				EBC88355269B5AF4008AF6F5 /* EmojiArtApp.swift */,
				EBC88356269B5AF4008AF6F5 /* EmojiArtDocument.swift */,
				EBC88382269B5C44008AF6F5 /* EmojiArtDocumentView.swift */,
				EBC8837D269B5C44008AF6F5 /* EmojiArtModel.Background.swift */,
				EBC8837E269B5C44008AF6F5 /* EmojiArtModel.swift */,
				EBC8837C269B5C44008AF6F5 /* PaletteChooser.swift */,
				EBC8837B269B5C44008AF6F5 /* PaletteEditor.swift */,
				EBC88383269B5C44008AF6F5 /* UtilityExtensions.swift */,
				EBC88380269B5C44008AF6F5 /* PaletteStore.swift */,
				EBC8837A269B5C44008AF6F5 /* UtilityViews.swift */,
				EBC88358269B5AF5008AF6F5 /* Assets.xcassets */,
			);
			path = Shared;
			sourceTree = "<group>";
		};
		EBC8835E269B5AF5008AF6F5 /* Products */ = {
			isa = PBXGroup;
			children = (
				EBC8835D269B5AF5008AF6F5 /* EmojiArt.app */,
				EBC88365269B5AF5008AF6F5 /* EmojiArt.app */,
			);
			name = Products;
			sourceTree = "<group>";
		};
		EBC8835F269B5AF5008AF6F5 /* iOS */ = {
			isa = PBXGroup;
			children = (
				EBC8837F269B5C44008AF6F5 /* Camera.swift */,
				EBC88379269B5C44008AF6F5 /* PaletteManager.swift */,
				EBC88381269B5C44008AF6F5 /* PhotoLibrary.swift */,
				EBC88360269B5AF5008AF6F5 /* Info.plist */,
				EBC8839D269B606A008AF6F5 /* iOS.swift */,
			);
			path = iOS;
			sourceTree = "<group>";
		};
		EBC88366269B5AF5008AF6F5 /* macOS */ = {
			isa = PBXGroup;
			children = (
				EBC88367269B5AF5008AF6F5 /* Info.plist */,
				EBC88368269B5AF5008AF6F5 /* macOS.entitlements */,
				EBC8839A269B5E14008AF6F5 /* macOS.swift */,
			);
			path = macOS;
			sourceTree = "<group>";
		};
/* End PBXGroup section */

/* Begin PBXNativeTarget section */
		EBC8835C269B5AF5008AF6F5 /* EmojiArt (iOS) */ = {
			isa = PBXNativeTarget;
			buildConfigurationList = EBC88373269B5AF5008AF6F5 /* Build configuration list for PBXNativeTarget "EmojiArt (iOS)" */;
			buildPhases = (
				EBC88359269B5AF5008AF6F5 /* Sources */,
				EBC8835A269B5AF5008AF6F5 /* Frameworks */,
				EBC8835B269B5AF5008AF6F5 /* Resources */,
			);
			buildRules = (
			);
			dependencies = (
			);
			name = "EmojiArt (iOS)";
			productName = "EmojiArt (iOS)";
			productReference = EBC8835D269B5AF5008AF6F5 /* EmojiArt.app */;
			productType = "com.apple.product-type.application";
		};
		EBC88364269B5AF5008AF6F5 /* EmojiArt (macOS) */ = {
			isa = PBXNativeTarget;
			buildConfigurationList = EBC88376269B5AF5008AF6F5 /* Build configuration list for PBXNativeTarget "EmojiArt (macOS)" */;
			buildPhases = (
				EBC88361269B5AF5008AF6F5 /* Sources */,
				EBC88362269B5AF5008AF6F5 /* Frameworks */,
				EBC88363269B5AF5008AF6F5 /* Resources */,
			);
			buildRules = (
			);
			dependencies = (
			);
			name = "EmojiArt (macOS)";
			productName = "EmojiArt (macOS)";
			productReference = EBC88365269B5AF5008AF6F5 /* EmojiArt.app */;
			productType = "com.apple.product-type.application";
		};
/* End PBXNativeTarget section */

/* Begin PBXProject section */
		EBC88350269B5AF4008AF6F5 /* Project object */ = {
			isa = PBXProject;
			attributes = {
				LastSwiftUpdateCheck = 1250;
				LastUpgradeCheck = 1250;
				TargetAttributes = {
					EBC8835C269B5AF5008AF6F5 = {
						CreatedOnToolsVersion = 12.5.1;
					};
					EBC88364269B5AF5008AF6F5 = {
						CreatedOnToolsVersion = 12.5.1;
					};
				};
			};
			buildConfigurationList = EBC88353269B5AF4008AF6F5 /* Build configuration list for PBXProject "EmojiArt" */;
			compatibilityVersion = "Xcode 9.3";
			developmentRegion = en;
			hasScannedForEncodings = 0;
			knownRegions = (
				en,
				Base,
			);
			mainGroup = EBC8834F269B5AF4008AF6F5;
			productRefGroup = EBC8835E269B5AF5008AF6F5 /* Products */;
			projectDirPath = "";
			projectRoot = "";
			targets = (
				EBC8835C269B5AF5008AF6F5 /* EmojiArt (iOS) */,
				EBC88364269B5AF5008AF6F5 /* EmojiArt (macOS) */,
			);
		};
/* End PBXProject section */

/* Begin PBXResourcesBuildPhase section */
		EBC8835B269B5AF5008AF6F5 /* Resources */ = {
			isa = PBXResourcesBuildPhase;
			buildActionMask = 2147483647;
			files = (
				EBC8836F269B5AF5008AF6F5 /* Assets.xcassets in Resources */,
			);
			runOnlyForDeploymentPostprocessing = 0;
		};
		EBC88363269B5AF5008AF6F5 /* Resources */ = {
			isa = PBXResourcesBuildPhase;
			buildActionMask = 2147483647;
			files = (
				EBC88370269B5AF5008AF6F5 /* Assets.xcassets in Resources */,
			);
			runOnlyForDeploymentPostprocessing = 0;
		};
/* End PBXResourcesBuildPhase section */

/* Begin PBXSourcesBuildPhase section */
		EBC88359269B5AF5008AF6F5 /* Sources */ = {
			isa = PBXSourcesBuildPhase;
			buildActionMask = 2147483647;
			files = (
				EBC88369269B5AF5008AF6F5 /* EmojiArtApp.swift in Sources */,
				EBC88392269B5C44008AF6F5 /* PaletteStore.swift in Sources */,
				EBC88398269B5C44008AF6F5 /* UtilityExtensions.swift in Sources */,
				EBC88396269B5C44008AF6F5 /* EmojiArtDocumentView.swift in Sources */,
				EBC8836B269B5AF5008AF6F5 /* EmojiArtDocument.swift in Sources */,
				EBC8838E269B5C44008AF6F5 /* EmojiArtModel.swift in Sources */,
				EBC88388269B5C44008AF6F5 /* PaletteEditor.swift in Sources */,
				EBC8839E269B606A008AF6F5 /* iOS.swift in Sources */,
				EBC88384269B5C44008AF6F5 /* PaletteManager.swift in Sources */,
				EBC88394269B5C44008AF6F5 /* PhotoLibrary.swift in Sources */,
				EBC8838C269B5C44008AF6F5 /* EmojiArtModel.Background.swift in Sources */,
				EBC88386269B5C44008AF6F5 /* UtilityViews.swift in Sources */,
				EBC8838A269B5C44008AF6F5 /* PaletteChooser.swift in Sources */,
				EBC88390269B5C44008AF6F5 /* Camera.swift in Sources */,
			);
			runOnlyForDeploymentPostprocessing = 0;
		};
		EBC88361269B5AF5008AF6F5 /* Sources */ = {
			isa = PBXSourcesBuildPhase;
			buildActionMask = 2147483647;
			files = (
				EBC8836A269B5AF5008AF6F5 /* EmojiArtApp.swift in Sources */,
				EBC88393269B5C44008AF6F5 /* PaletteStore.swift in Sources */,
				EBC88399269B5C44008AF6F5 /* UtilityExtensions.swift in Sources */,
				EBC88397269B5C44008AF6F5 /* EmojiArtDocumentView.swift in Sources */,
				EBC8836C269B5AF5008AF6F5 /* EmojiArtDocument.swift in Sources */,
				EBC8838F269B5C44008AF6F5 /* EmojiArtModel.swift in Sources */,
				EBC88389269B5C44008AF6F5 /* PaletteEditor.swift in Sources */,
				EBC8839C269B5E14008AF6F5 /* macOS.swift in Sources */,
				EBC8838D269B5C44008AF6F5 /* EmojiArtModel.Background.swift in Sources */,
				EBC88387269B5C44008AF6F5 /* UtilityViews.swift in Sources */,
				EBC8838B269B5C44008AF6F5 /* PaletteChooser.swift in Sources */,
			);
			runOnlyForDeploymentPostprocessing = 0;
		};
/* End PBXSourcesBuildPhase section */

/* Begin XCBuildConfiguration section */
		EBC88371269B5AF5008AF6F5 /* Debug */ = {
			isa = XCBuildConfiguration;
			buildSettings = {
				ALWAYS_SEARCH_USER_PATHS = NO;
				CLANG_ANALYZER_NONNULL = YES;
				CLANG_ANALYZER_NUMBER_OBJECT_CONVERSION = YES_AGGRESSIVE;
				CLANG_CXX_LANGUAGE_STANDARD = "gnu++14";
				CLANG_CXX_LIBRARY = "libc++";
				CLANG_ENABLE_MODULES = YES;
				CLANG_ENABLE_OBJC_ARC = YES;
				CLANG_ENABLE_OBJC_WEAK = YES;
				CLANG_WARN_BLOCK_CAPTURE_AUTORELEASING = YES;
				CLANG_WARN_BOOL_CONVERSION = YES;
				CLANG_WARN_COMMA = YES;
				CLANG_WARN_CONSTANT_CONVERSION = YES;
				CLANG_WARN_DEPRECATED_OBJC_IMPLEMENTATIONS = YES;
				CLANG_WARN_DIRECT_OBJC_ISA_USAGE = YES_ERROR;
				CLANG_WARN_DOCUMENTATION_COMMENTS = YES;
				CLANG_WARN_EMPTY_BODY = YES;
				CLANG_WARN_ENUM_CONVERSION = YES;
				CLANG_WARN_INFINITE_RECURSION = YES;
				CLANG_WARN_INT_CONVERSION = YES;
				CLANG_WARN_NON_LITERAL_NULL_CONVERSION = YES;
				CLANG_WARN_OBJC_IMPLICIT_RETAIN_SELF = YES;
				CLANG_WARN_OBJC_LITERAL_CONVERSION = YES;
				CLANG_WARN_OBJC_ROOT_CLASS = YES_ERROR;
				CLANG_WARN_QUOTED_INCLUDE_IN_FRAMEWORK_HEADER = YES;
				CLANG_WARN_RANGE_LOOP_ANALYSIS = YES;
				CLANG_WARN_STRICT_PROTOTYPES = YES;
				CLANG_WARN_SUSPICIOUS_MOVE = YES;
				CLANG_WARN_UNGUARDED_AVAILABILITY = YES_AGGRESSIVE;
				CLANG_WARN_UNREACHABLE_CODE = YES;
				CLANG_WARN__DUPLICATE_METHOD_MATCH = YES;
				COPY_PHASE_STRIP = NO;
				DEBUG_INFORMATION_FORMAT = dwarf;
				ENABLE_STRICT_OBJC_MSGSEND = YES;
				ENABLE_TESTABILITY = YES;
				GCC_C_LANGUAGE_STANDARD = gnu11;
				GCC_DYNAMIC_NO_PIC = NO;
				GCC_NO_COMMON_BLOCKS = YES;
				GCC_OPTIMIZATION_LEVEL = 0;
				GCC_PREPROCESSOR_DEFINITIONS = (
					"DEBUG=1",
					"$(inherited)",
				);
				GCC_WARN_64_TO_32_BIT_CONVERSION = YES;
				GCC_WARN_ABOUT_RETURN_TYPE = YES_ERROR;
				GCC_WARN_UNDECLARED_SELECTOR = YES;
				GCC_WARN_UNINITIALIZED_AUTOS = YES_AGGRESSIVE;
				GCC_WARN_UNUSED_FUNCTION = YES;
				GCC_WARN_UNUSED_VARIABLE = YES;
				MTL_ENABLE_DEBUG_INFO = INCLUDE_SOURCE;
				MTL_FAST_MATH = YES;
				ONLY_ACTIVE_ARCH = YES;
				SWIFT_ACTIVE_COMPILATION_CONDITIONS = DEBUG;
				SWIFT_OPTIMIZATION_LEVEL = "-Onone";
			};
			name = Debug;
		};
		EBC88372269B5AF5008AF6F5 /* Release */ = {
			isa = XCBuildConfiguration;
			buildSettings = {
				ALWAYS_SEARCH_USER_PATHS = NO;
				CLANG_ANALYZER_NONNULL = YES;
				CLANG_ANALYZER_NUMBER_OBJECT_CONVERSION = YES_AGGRESSIVE;
				CLANG_CXX_LANGUAGE_STANDARD = "gnu++14";
				CLANG_CXX_LIBRARY = "libc++";
				CLANG_ENABLE_MODULES = YES;
				CLANG_ENABLE_OBJC_ARC = YES;
				CLANG_ENABLE_OBJC_WEAK = YES;
				CLANG_WARN_BLOCK_CAPTURE_AUTORELEASING = YES;
				CLANG_WARN_BOOL_CONVERSION = YES;
				CLANG_WARN_COMMA = YES;
				CLANG_WARN_CONSTANT_CONVERSION = YES;
				CLANG_WARN_DEPRECATED_OBJC_IMPLEMENTATIONS = YES;
				CLANG_WARN_DIRECT_OBJC_ISA_USAGE = YES_ERROR;
				CLANG_WARN_DOCUMENTATION_COMMENTS = YES;
				CLANG_WARN_EMPTY_BODY = YES;
				CLANG_WARN_ENUM_CONVERSION = YES;
				CLANG_WARN_INFINITE_RECURSION = YES;
				CLANG_WARN_INT_CONVERSION = YES;
				CLANG_WARN_NON_LITERAL_NULL_CONVERSION = YES;
				CLANG_WARN_OBJC_IMPLICIT_RETAIN_SELF = YES;
				CLANG_WARN_OBJC_LITERAL_CONVERSION = YES;
				CLANG_WARN_OBJC_ROOT_CLASS = YES_ERROR;
				CLANG_WARN_QUOTED_INCLUDE_IN_FRAMEWORK_HEADER = YES;
				CLANG_WARN_RANGE_LOOP_ANALYSIS = YES;
				CLANG_WARN_STRICT_PROTOTYPES = YES;
				CLANG_WARN_SUSPICIOUS_MOVE = YES;
				CLANG_WARN_UNGUARDED_AVAILABILITY = YES_AGGRESSIVE;
				CLANG_WARN_UNREACHABLE_CODE = YES;
				CLANG_WARN__DUPLICATE_METHOD_MATCH = YES;
				COPY_PHASE_STRIP = NO;
				DEBUG_INFORMATION_FORMAT = "dwarf-with-dsym";
				ENABLE_NS_ASSERTIONS = NO;
				ENABLE_STRICT_OBJC_MSGSEND = YES;
				GCC_C_LANGUAGE_STANDARD = gnu11;
				GCC_NO_COMMON_BLOCKS = YES;
				GCC_WARN_64_TO_32_BIT_CONVERSION = YES;
				GCC_WARN_ABOUT_RETURN_TYPE = YES_ERROR;
				GCC_WARN_UNDECLARED_SELECTOR = YES;
				GCC_WARN_UNINITIALIZED_AUTOS = YES_AGGRESSIVE;
				GCC_WARN_UNUSED_FUNCTION = YES;
				GCC_WARN_UNUSED_VARIABLE = YES;
				MTL_ENABLE_DEBUG_INFO = NO;
				MTL_FAST_MATH = YES;
				SWIFT_COMPILATION_MODE = wholemodule;
				SWIFT_OPTIMIZATION_LEVEL = "-O";
			};
			name = Release;
		};
		EBC88374269B5AF5008AF6F5 /* Debug */ = {
			isa = XCBuildConfiguration;
			buildSettings = {
				ASSETCATALOG_COMPILER_APPICON_NAME = AppIcon;
				ASSETCATALOG_COMPILER_GLOBAL_ACCENT_COLOR_NAME = AccentColor;
				CODE_SIGN_STYLE = Automatic;
				DEVELOPMENT_TEAM = R4V4F3DL2Q;
				ENABLE_PREVIEWS = YES;
				INFOPLIST_FILE = iOS/Info.plist;
				IPHONEOS_DEPLOYMENT_TARGET = 14.0;
				LD_RUNPATH_SEARCH_PATHS = (
					"$(inherited)",
					"@executable_path/Frameworks",
				);
				PRODUCT_BUNDLE_IDENTIFIER = com.ppak.EmojiArt;
				PRODUCT_NAME = EmojiArt;
				SDKROOT = iphoneos;
				SWIFT_VERSION = 5.0;
				TARGETED_DEVICE_FAMILY = "1,2";
			};
			name = Debug;
		};
		EBC88375269B5AF5008AF6F5 /* Release */ = {
			isa = XCBuildConfiguration;
			buildSettings = {
				ASSETCATALOG_COMPILER_APPICON_NAME = AppIcon;
				ASSETCATALOG_COMPILER_GLOBAL_ACCENT_COLOR_NAME = AccentColor;
				CODE_SIGN_STYLE = Automatic;
				DEVELOPMENT_TEAM = R4V4F3DL2Q;
				ENABLE_PREVIEWS = YES;
				INFOPLIST_FILE = iOS/Info.plist;
				IPHONEOS_DEPLOYMENT_TARGET = 14.0;
				LD_RUNPATH_SEARCH_PATHS = (
					"$(inherited)",
					"@executable_path/Frameworks",
				);
				PRODUCT_BUNDLE_IDENTIFIER = com.ppak.EmojiArt;
				PRODUCT_NAME = EmojiArt;
				SDKROOT = iphoneos;
				SWIFT_VERSION = 5.0;
				TARGETED_DEVICE_FAMILY = "1,2";
				VALIDATE_PRODUCT = YES;
			};
			name = Release;
		};
		EBC88377269B5AF5008AF6F5 /* Debug */ = {
			isa = XCBuildConfiguration;
			buildSettings = {
				ASSETCATALOG_COMPILER_APPICON_NAME = AppIcon;
				ASSETCATALOG_COMPILER_GLOBAL_ACCENT_COLOR_NAME = AccentColor;
				CODE_SIGN_ENTITLEMENTS = macOS/macOS.entitlements;
				CODE_SIGN_STYLE = Automatic;
				COMBINE_HIDPI_IMAGES = YES;
				DEVELOPMENT_TEAM = R4V4F3DL2Q;
				ENABLE_HARDENED_RUNTIME = YES;
				ENABLE_PREVIEWS = YES;
				INFOPLIST_FILE = macOS/Info.plist;
				LD_RUNPATH_SEARCH_PATHS = (
					"$(inherited)",
					"@executable_path/../Frameworks",
				);
				MACOSX_DEPLOYMENT_TARGET = 11.0;
				PRODUCT_BUNDLE_IDENTIFIER = com.ppak.EmojiArt;
				PRODUCT_NAME = EmojiArt;
				SDKROOT = macosx;
				SWIFT_VERSION = 5.0;
			};
			name = Debug;
		};
		EBC88378269B5AF5008AF6F5 /* Release */ = {
			isa = XCBuildConfiguration;
			buildSettings = {
				ASSETCATALOG_COMPILER_APPICON_NAME = AppIcon;
				ASSETCATALOG_COMPILER_GLOBAL_ACCENT_COLOR_NAME = AccentColor;
				CODE_SIGN_ENTITLEMENTS = macOS/macOS.entitlements;
				CODE_SIGN_STYLE = Automatic;
				COMBINE_HIDPI_IMAGES = YES;
				DEVELOPMENT_TEAM = R4V4F3DL2Q;
				ENABLE_HARDENED_RUNTIME = YES;
				ENABLE_PREVIEWS = YES;
				INFOPLIST_FILE = macOS/Info.plist;
				LD_RUNPATH_SEARCH_PATHS = (
					"$(inherited)",
					"@executable_path/../Frameworks",
				);
				MACOSX_DEPLOYMENT_TARGET = 11.0;
				PRODUCT_BUNDLE_IDENTIFIER = com.ppak.EmojiArt;
				PRODUCT_NAME = EmojiArt;
				SDKROOT = macosx;
				SWIFT_VERSION = 5.0;
			};
			name = Release;
		};
/* End XCBuildConfiguration section */

/* Begin XCConfigurationList section */
		EBC88353269B5AF4008AF6F5 /* Build configuration list for PBXProject "EmojiArt" */ = {
			isa = XCConfigurationList;
			buildConfigurations = (
				EBC88371269B5AF5008AF6F5 /* Debug */,
				EBC88372269B5AF5008AF6F5 /* Release */,
			);
			defaultConfigurationIsVisible = 0;
			defaultConfigurationName = Release;
		};
		EBC88373269B5AF5008AF6F5 /* Build configuration list for PBXNativeTarget "EmojiArt (iOS)" */ = {
			isa = XCConfigurationList;
			buildConfigurations = (
				EBC88374269B5AF5008AF6F5 /* Debug */,
				EBC88375269B5AF5008AF6F5 /* Release */,
			);
			defaultConfigurationIsVisible = 0;
			defaultConfigurationName = Release;
		};
		EBC88376269B5AF5008AF6F5 /* Build configuration list for PBXNativeTarget "EmojiArt (macOS)" */ = {
			isa = XCConfigurationList;
			buildConfigurations = (
				EBC88377269B5AF5008AF6F5 /* Debug */,
				EBC88378269B5AF5008AF6F5 /* Release */,
			);
			defaultConfigurationIsVisible = 0;
			defaultConfigurationName = Release;
		};
/* End XCConfigurationList section */
	};
	rootObject = EBC88350269B5AF4008AF6F5 /* Project object */;
}
